
Microsoft Visual Studio Solution File, Format Version 12.00
# Visual Studio 15
VisualStudioVersion = 15.0.27130.2027
MinimumVisualStudioVersion = 10.0.40219.1
Project("{FAE04EC0-301F-11D3-BF4B-00C04F79EFBC}") = "LMYC", "LMYC\LMYC.csproj", "{A09C42A4-F025-4292-9FF9-8A4A746A5822}"
EndProject
Global
	GlobalSection(SolutionConfigurationPlatforms) = preSolution
		Debug|Any CPU = Debug|Any CPU
		Release|Any CPU = Release|Any CPU
	EndGlobalSection
	GlobalSection(ProjectConfigurationPlatforms) = postSolution
		{A09C42A4-F025-4292-9FF9-8A4A746A5822}.Debug|Any CPU.ActiveCfg = Debug|Any CPU
		{A09C42A4-F025-4292-9FF9-8A4A746A5822}.Debug|Any CPU.Build.0 = Debug|Any CPU
		{A09C42A4-F025-4292-9FF9-8A4A746A5822}.Release|Any CPU.ActiveCfg = Release|Any CPU
		{A09C42A4-F025-4292-9FF9-8A4A746A5822}.Release|Any CPU.Build.0 = Release|Any CPU
	EndGlobalSection
	GlobalSection(SolutionProperties) = preSolution
		HideSolutionNode = FALSE
	EndGlobalSection
	GlobalSection(ExtensibilityGlobals) = postSolution
		SolutionGuid = {5FA25616-C6EC-4B5A-88C2-571FF3D16A28}
	EndGlobalSection
EndGlobal
